
Microsoft Visual Studio Solution File, Format Version 12.00
# Visual Studio Version 17
VisualStudioVersion = 17.10.34902.84
MinimumVisualStudioVersion = 10.0.40219.1
Project("{FAE04EC0-301F-11D3-BF4B-00C04F79EFBC}") = "AuthMvc", "AuthMvc\AuthMvc.csproj", "{EDB6828B-777E-47D4-A354-C2D9737E2D56}"
EndProject
Global
	GlobalSection(SolutionConfigurationPlatforms) = preSolution
		Debug|Any CPU = Debug|Any CPU
		Release|Any CPU = Release|Any CPU
	EndGlobalSection
	GlobalSection(ProjectConfigurationPlatforms) = postSolution
		{EDB6828B-777E-47D4-A354-C2D9737E2D56}.Debug|Any CPU.ActiveCfg = Debug|Any CPU
		{EDB6828B-777E-47D4-A354-C2D9737E2D56}.Debug|Any CPU.Build.0 = Debug|Any CPU
		{EDB6828B-777E-47D4-A354-C2D9737E2D56}.Release|Any CPU.ActiveCfg = Release|Any CPU
		{EDB6828B-777E-47D4-A354-C2D9737E2D56}.Release|Any CPU.Build.0 = Release|Any CPU
	EndGlobalSection
	GlobalSection(SolutionProperties) = preSolution
		HideSolutionNode = FALSE
	EndGlobalSection
	GlobalSection(ExtensibilityGlobals) = postSolution
		SolutionGuid = {90EE1826-1CE4-443C-B7AD-C583C57335B8}
	EndGlobalSection
EndGlobal
